{
  "name": "06_pure",
  "lockfileVersion": 2,
  "requires": true,
  "packages": {
    "": {
      "dependencies": {
        "purecss": "^3.0.0"
      }
    },
    "node_modules/purecss": {
      "version": "3.0.0",
      "resolved": "https://registry.npmjs.org/purecss/-/purecss-3.0.0.tgz",
      "integrity": "sha512-IdYbGwbmuA7Hy9ACIO1q7ks4xGLcJSVHxJT2BXIz2c4Ve1aSrNU5bAzA1ILT4Gmdy5K59ruWoRPf9WvJZU5fbA=="
    }
  },
  "dependencies": {
    "purecss": {
      "version": "3.0.0",
      "resolved": "https://registry.npmjs.org/purecss/-/purecss-3.0.0.tgz",
      "integrity": "sha512-IdYbGwbmuA7Hy9ACIO1q7ks4xGLcJSVHxJT2BXIz2c4Ve1aSrNU5bAzA1ILT4Gmdy5K59ruWoRPf9WvJZU5fbA=="
    }
  }
}
