{
  "name": "awesomeanalytics",
  "version": "1.0.0",
  "lockfileVersion": 2,
  "requires": true,
  "packages": {
    "": {
      "name": "awesomeanalytics",
      "version": "1.0.0",
      "license": "MIT",
      "dependencies": {
        "@faker-js/faker": "^7.6.0",
        "@fontsource/inter": "^4.5.14",
        "@fontsource/material-icons": "^4.5.4",
        "@fontsource/material-icons-outlined": "^4.5.4",
        "chart.js": "^3.9.1",
        "lighten-darken-color": "^1.0.0",
        "minireset.css": "0.0.7"
      }
    },
    "node_modules/@faker-js/faker": {
      "version": "7.6.0",
      "resolved": "https://registry.npmjs.org/@faker-js/faker/-/faker-7.6.0.tgz",
      "integrity": "sha512-XK6BTq1NDMo9Xqw/YkYyGjSsg44fbNwYRx7QK2CuoQgyy+f1rrTDHoExVM5PsyXCtfl2vs2vVJ0MN0yN6LppRw==",
      "engines": {
        "node": ">=14.0.0",
        "npm": ">=6.0.0"
      }
    },
    "node_modules/@fontsource/inter": {
      "version": "4.5.14",
      "resolved": "https://registry.npmjs.org/@fontsource/inter/-/inter-4.5.14.tgz",
      "integrity": "sha512-JDC9AocdPLuGsASkvWw9hS5gtHE7K9dOwL98XLrk5yjYqxy4uVnScG58NUvFMJDVJRl/7c8Wnap6PEs+7Zvj1Q=="
    },
    "node_modules/@fontsource/material-icons": {
      "version": "4.5.4",
      "resolved": "https://registry.npmjs.org/@fontsource/material-icons/-/material-icons-4.5.4.tgz",
      "integrity": "sha512-YGmXkkEdu6EIgpFKNmB/nIXzZocwSmbI01Ninpmml8x8BT0M6RR++V1KqOfpzZ6Cw/FQ2/KYonQ3x4IY/4VRRA=="
    },
    "node_modules/@fontsource/material-icons-outlined": {
      "version": "4.5.4",
      "resolved": "https://registry.npmjs.org/@fontsource/material-icons-outlined/-/material-icons-outlined-4.5.4.tgz",
      "integrity": "sha512-2SLQe/pAlOzoE2Kd5cBxqTgI9U63hf3a7RrCF8GFvgPkYhF6WOcIzFzsLc1Fdf+UhcYS+Hgpp6o8peguwZGK9Q=="
    },
    "node_modules/chart.js": {
      "version": "3.9.1",
      "resolved": "https://registry.npmjs.org/chart.js/-/chart.js-3.9.1.tgz",
      "integrity": "sha512-Ro2JbLmvg83gXF5F4sniaQ+lTbSv18E+TIf2cOeiH1Iqd2PGFOtem+DUufMZsCJwFE7ywPOpfXFBwRTGq7dh6w=="
    },
    "node_modules/lighten-darken-color": {
      "version": "1.0.0",
      "resolved": "https://registry.npmjs.org/lighten-darken-color/-/lighten-darken-color-1.0.0.tgz",
      "integrity": "sha512-rKToRUNvcIJGuT+Zd/ljNb83wwJPc4V4HNxYuqIdizQHt3avilV6H1rq2feaxruJBpAIbE1ZJ8wX7BKjTylIsA=="
    },
    "node_modules/minireset.css": {
      "version": "0.0.7",
      "resolved": "https://registry.npmjs.org/minireset.css/-/minireset.css-0.0.7.tgz",
      "integrity": "sha512-raWKK2aHP/MI4Yu72dU6hade1YFuoyDQtSUi/FiIZfeRHjgL81uN/nFvG2aoAr+mseRc3jpg47jQqx1/+6w+kQ=="
    }
  },
  "dependencies": {
    "@faker-js/faker": {
      "version": "7.6.0",
      "resolved": "https://registry.npmjs.org/@faker-js/faker/-/faker-7.6.0.tgz",
      "integrity": "sha512-XK6BTq1NDMo9Xqw/YkYyGjSsg44fbNwYRx7QK2CuoQgyy+f1rrTDHoExVM5PsyXCtfl2vs2vVJ0MN0yN6LppRw=="
    },
    "@fontsource/inter": {
      "version": "4.5.14",
      "resolved": "https://registry.npmjs.org/@fontsource/inter/-/inter-4.5.14.tgz",
      "integrity": "sha512-JDC9AocdPLuGsASkvWw9hS5gtHE7K9dOwL98XLrk5yjYqxy4uVnScG58NUvFMJDVJRl/7c8Wnap6PEs+7Zvj1Q=="
    },
    "@fontsource/material-icons": {
      "version": "4.5.4",
      "resolved": "https://registry.npmjs.org/@fontsource/material-icons/-/material-icons-4.5.4.tgz",
      "integrity": "sha512-YGmXkkEdu6EIgpFKNmB/nIXzZocwSmbI01Ninpmml8x8BT0M6RR++V1KqOfpzZ6Cw/FQ2/KYonQ3x4IY/4VRRA=="
    },
    "@fontsource/material-icons-outlined": {
      "version": "4.5.4",
      "resolved": "https://registry.npmjs.org/@fontsource/material-icons-outlined/-/material-icons-outlined-4.5.4.tgz",
      "integrity": "sha512-2SLQe/pAlOzoE2Kd5cBxqTgI9U63hf3a7RrCF8GFvgPkYhF6WOcIzFzsLc1Fdf+UhcYS+Hgpp6o8peguwZGK9Q=="
    },
    "chart.js": {
      "version": "3.9.1",
      "resolved": "https://registry.npmjs.org/chart.js/-/chart.js-3.9.1.tgz",
      "integrity": "sha512-Ro2JbLmvg83gXF5F4sniaQ+lTbSv18E+TIf2cOeiH1Iqd2PGFOtem+DUufMZsCJwFE7ywPOpfXFBwRTGq7dh6w=="
    },
    "lighten-darken-color": {
      "version": "1.0.0",
      "resolved": "https://registry.npmjs.org/lighten-darken-color/-/lighten-darken-color-1.0.0.tgz",
      "integrity": "sha512-rKToRUNvcIJGuT+Zd/ljNb83wwJPc4V4HNxYuqIdizQHt3avilV6H1rq2feaxruJBpAIbE1ZJ8wX7BKjTylIsA=="
    },
    "minireset.css": {
      "version": "0.0.7",
      "resolved": "https://registry.npmjs.org/minireset.css/-/minireset.css-0.0.7.tgz",
      "integrity": "sha512-raWKK2aHP/MI4Yu72dU6hade1YFuoyDQtSUi/FiIZfeRHjgL81uN/nFvG2aoAr+mseRc3jpg47jQqx1/+6w+kQ=="
    }
  }
}
