{
  "name": "awesomeanalytics",
  "version": "1.0.0",
  "lockfileVersion": 1,
  "requires": true,
  "dependencies": {
    "@faker-js/faker": {
      "version": "7.6.0",
      "resolved": "https://registry.npmjs.org/@faker-js/faker/-/faker-7.6.0.tgz",
      "integrity": "sha512-XK6BTq1NDMo9Xqw/YkYyGjSsg44fbNwYRx7QK2CuoQgyy+f1rrTDHoExVM5PsyXCtfl2vs2vVJ0MN0yN6LppRw=="
    },
    "@fontsource/inter": {
      "version": "4.5.15",
      "resolved": "https://registry.npmjs.org/@fontsource/inter/-/inter-4.5.15.tgz",
      "integrity": "sha512-FzleM9AxZQK2nqsTDtBiY0PMEVWvnKnuu2i09+p6DHvrHsuucoV2j0tmw+kAT3L4hvsLdAIDv6MdGehsPIdT+Q=="
    },
    "@fontsource/material-icons": {
      "version": "4.5.4",
      "resolved": "https://registry.npmjs.org/@fontsource/material-icons/-/material-icons-4.5.4.tgz",
      "integrity": "sha512-YGmXkkEdu6EIgpFKNmB/nIXzZocwSmbI01Ninpmml8x8BT0M6RR++V1KqOfpzZ6Cw/FQ2/KYonQ3x4IY/4VRRA=="
    },
    "@fontsource/material-icons-outlined": {
      "version": "4.5.4",
      "resolved": "https://registry.npmjs.org/@fontsource/material-icons-outlined/-/material-icons-outlined-4.5.4.tgz",
      "integrity": "sha512-2SLQe/pAlOzoE2Kd5cBxqTgI9U63hf3a7RrCF8GFvgPkYhF6WOcIzFzsLc1Fdf+UhcYS+Hgpp6o8peguwZGK9Q=="
    },
    "bootstrap": {
      "version": "5.3.0-alpha1",
      "resolved": "https://registry.npmjs.org/bootstrap/-/bootstrap-5.3.0-alpha1.tgz",
      "integrity": "sha512-ABZpKK4ObS3kKlIqH+ZVDqoy5t/bhFG0oHTAzByUdon7YIom0lpCeTqRniDzJmbtcWkNe800VVPBiJgxSYTYew=="
    },
    "chart.js": {
      "version": "3.9.1",
      "resolved": "https://registry.npmjs.org/chart.js/-/chart.js-3.9.1.tgz",
      "integrity": "sha512-Ro2JbLmvg83gXF5F4sniaQ+lTbSv18E+TIf2cOeiH1Iqd2PGFOtem+DUufMZsCJwFE7ywPOpfXFBwRTGq7dh6w=="
    },
    "lighten-darken-color": {
      "version": "1.0.0",
      "resolved": "https://registry.npmjs.org/lighten-darken-color/-/lighten-darken-color-1.0.0.tgz",
      "integrity": "sha512-rKToRUNvcIJGuT+Zd/ljNb83wwJPc4V4HNxYuqIdizQHt3avilV6H1rq2feaxruJBpAIbE1ZJ8wX7BKjTylIsA=="
    },
    "minireset.css": {
      "version": "0.0.7",
      "resolved": "https://registry.npmjs.org/minireset.css/-/minireset.css-0.0.7.tgz",
      "integrity": "sha512-raWKK2aHP/MI4Yu72dU6hade1YFuoyDQtSUi/FiIZfeRHjgL81uN/nFvG2aoAr+mseRc3jpg47jQqx1/+6w+kQ=="
    }
  }
}
