{
  "name": "09_cutestrap",
  "lockfileVersion": 2,
  "requires": true,
  "packages": {
    "": {
      "dependencies": {
        "cutestrap": "^2.0.0-4"
      }
    },
    "node_modules/cutestrap": {
      "version": "2.0.0-4",
      "resolved": "https://registry.npmjs.org/cutestrap/-/cutestrap-2.0.0-4.tgz",
      "integrity": "sha512-ED5INAKx6IRd0PkoZMRmseTS7KwvPoDuz5IBSwSjFT0aSXVVNvta8R7LTEXQd0qeiBxX8pK/PDPNa2IaGVIswg=="
    }
  },
  "dependencies": {
    "cutestrap": {
      "version": "2.0.0-4",
      "resolved": "https://registry.npmjs.org/cutestrap/-/cutestrap-2.0.0-4.tgz",
      "integrity": "sha512-ED5INAKx6IRd0PkoZMRmseTS7KwvPoDuz5IBSwSjFT0aSXVVNvta8R7LTEXQd0qeiBxX8pK/PDPNa2IaGVIswg=="
    }
  }
}
